{
  "nodes": {
    "nixpkgs": {
      "locked": {
        "lastModified": 1764687629,
        "narHash": "sha256-EzQkqsL5rxnJ/Ds5Mzg7XcM7ZcpjdY2SK4JWuuFBofM=",
        "owner": "NixOS",
        "repo": "nixpkgs",
        "rev": "00f088c2fe4aae69181cddf918515e8f87bf7380",
        "type": "github"
      },
      "original": {
        "owner": "NixOS",
        "repo": "nixpkgs",
        "type": "github"
      }
    },
    "root": {
      "inputs": {
        "nixpkgs": "nixpkgs"
      }
    }
  },
  "root": "root",
  "version": 7
}
