{
  "nodes": {
    "nixpkgs": {
      "locked": {
        "lastModified": 1709626223,
        "narHash": "sha256-5y1aC4PQGWIPF6ndHvFjZX0zvJ/U1QmupVuxsDqZ2C0=",
        "owner": "NixOS",
        "repo": "nixpkgs",
        "rev": "c44c76a75d8a9b83458d222f532a8c23b031d239",
        "type": "github"
      },
      "original": {
        "owner": "NixOS",
        "repo": "nixpkgs",
        "type": "github"
      }
    },
    "root": {
      "inputs": {
        "nixpkgs": "nixpkgs"
      }
    }
  },
  "root": "root",
  "version": 7
}
