{
  "nodes": {
    "nixpkgs": {
      "locked": {
        "lastModified": 1725937311,
        "narHash": "sha256-uT22UEG023C1LhTxNrcTGE8Jq0TOwVhfnsAcdhSla/Y=",
        "owner": "NixOS",
        "repo": "nixpkgs",
        "rev": "ad595bade05759eec0278b74264d32484f72a240",
        "type": "github"
      },
      "original": {
        "owner": "NixOS",
        "repo": "nixpkgs",
        "type": "github"
      }
    },
    "root": {
      "inputs": {
        "nixpkgs": "nixpkgs"
      }
    }
  },
  "root": "root",
  "version": 7
}
